golang.org/x/crypto v0.0.0-20190320223903-b7391e95e576 h1:aUX/1G2gFSs4AsJJg2cL3HuoRhCSCz733FE5GUSuaT4=
golang.org/x/crypto v0.0.0-20190320223903-b7391e95e576/go.mod h1:djNgcEr1/C05ACkg1iLfiJU5Ep61QUkGW8qpdssI0+w=
golang.org/x/sys v0.0.0-20190215142949-d0b11bdaac8a/go.mod h1:STP8DvDyc/dI5b8T5hshtkjS+E42TnysNCUPdjciGhY=
