github.com/DATA-DOG/go-sqlmock v1.3.0 h1:ljjRxlddjfChBJdFKJs5LuCwCWPLaC1UZLwAo3PBBMk=
github.com/DATA-DOG/go-sqlmock v1.3.0/go.mod h1:f/Ixk793poVmq4qj/V1dPUg2JEAKC73Q5eFN3EC/SaM=
github.com/PacktPublishing/Go-Programming-Cookbook-Second-Edition v0.0.0-20190106205136-aaa5805f8d1c h1:U7UqHUE9RXM70v0K8gEgwyjmpAcEXFgpZte4CNiCHm4=
github.com/PacktPublishing/Go-Programming-Cookbook-Second-Edition/chapter6/database v0.0.0-20190106211135-24627479067b h1:S4sj3WqAqgjUEmwAyAc6FCa+c1j7mFgqCEN0pCSL/BU=
github.com/PacktPublishing/Go-Programming-Cookbook-Second-Edition/chapter6/database v0.0.0-20190106211135-24627479067b/go.mod h1:2MGDO3+4I0nZY70x2Uemk0oevxiy0mukHg0OKrRl/FU=
github.com/go-sql-driver/mysql v1.4.1 h1:g24URVg0OFbNUTx9qqY1IRZ9D9z3iPyi5zKhQZpNwpA=
github.com/go-sql-driver/mysql v1.4.1/go.mod h1:zAC/RDZ24gD3HViQzih4MyKcchzm+sOG5ZlKdlhCg5w=
github.com/golang/mock v1.2.0 h1:28o5sBqPkBsMGnC6b4MvE2TzSr5/AT4c/1fLqVGIwlk=
github.com/golang/mock v1.2.0/go.mod h1:oTYuIxOrZwtPieC+H1uAHpcLFnEyAGVDL/k47Jfbm0A=
