github.com/PacktPublishing/Go-Programming-Cookbook-Second-Edition v0.0.0-20190616170137-256683663852 h1:ZK9ya0c9z2Qc5cEyt1NSWbXxqVUhAcqsXhtjmacbd/8=
github.com/golang/mock v1.2.0 h1:28o5sBqPkBsMGnC6b4MvE2TzSr5/AT4c/1fLqVGIwlk=
github.com/golang/mock v1.2.0/go.mod h1:oTYuIxOrZwtPieC+H1uAHpcLFnEyAGVDL/k47Jfbm0A=
